
Microsoft Visual Studio Solution File, Format Version 12.00
# Visual Studio 15
VisualStudioVersion = 15.0.28307.421
MinimumVisualStudioVersion = 10.0.40219.1
Project("{FAE04EC0-301F-11D3-BF4B-00C04F79EFBC}") = "CrytekLibrary", "CrytekLibrary\CrytekLibrary.csproj", "{D8DC5B26-2263-4D67-A1B6-96C20F7AB11D}"
EndProject
Global
	GlobalSection(SolutionConfigurationPlatforms) = preSolution
		Debug|Any CPU = Debug|Any CPU
		Release|Any CPU = Release|Any CPU
	EndGlobalSection
	GlobalSection(ProjectConfigurationPlatforms) = postSolution
		{D8DC5B26-2263-4D67-A1B6-96C20F7AB11D}.Debug|Any CPU.ActiveCfg = Debug|Any CPU
		{D8DC5B26-2263-4D67-A1B6-96C20F7AB11D}.Debug|Any CPU.Build.0 = Debug|Any CPU
		{D8DC5B26-2263-4D67-A1B6-96C20F7AB11D}.Release|Any CPU.ActiveCfg = Release|Any CPU
		{D8DC5B26-2263-4D67-A1B6-96C20F7AB11D}.Release|Any CPU.Build.0 = Release|Any CPU
	EndGlobalSection
	GlobalSection(SolutionProperties) = preSolution
		HideSolutionNode = FALSE
	EndGlobalSection
	GlobalSection(ExtensibilityGlobals) = postSolution
		SolutionGuid = {30582424-0158-4634-AD95-D2D2DC447395}
	EndGlobalSection
EndGlobal
